
Microsoft Visual Studio Solution File, Format Version 12.00
# Visual Studio Version 17
VisualStudioVersion = 17.8.34322.80
MinimumVisualStudioVersion = 10.0.40219.1
Project("{FAE04EC0-301F-11D3-BF4B-00C04F79EFBC}") = "planlamauygulaması", "planlamauygulaması\planlamauygulaması.csproj", "{9B00402F-D2D1-418B-80D4-31F39D932184}"
EndProject
Global
	GlobalSection(SolutionConfigurationPlatforms) = preSolution
		Debug|Any CPU = Debug|Any CPU
		Release|Any CPU = Release|Any CPU
	EndGlobalSection
	GlobalSection(ProjectConfigurationPlatforms) = postSolution
		{9B00402F-D2D1-418B-80D4-31F39D932184}.Debug|Any CPU.ActiveCfg = Debug|Any CPU
		{9B00402F-D2D1-418B-80D4-31F39D932184}.Debug|Any CPU.Build.0 = Debug|Any CPU
		{9B00402F-D2D1-418B-80D4-31F39D932184}.Release|Any CPU.ActiveCfg = Release|Any CPU
		{9B00402F-D2D1-418B-80D4-31F39D932184}.Release|Any CPU.Build.0 = Release|Any CPU
	EndGlobalSection
	GlobalSection(SolutionProperties) = preSolution
		HideSolutionNode = FALSE
	EndGlobalSection
	GlobalSection(ExtensibilityGlobals) = postSolution
		SolutionGuid = {084AAE26-EDD8-4F20-A4A6-458E459AE7C5}
	EndGlobalSection
EndGlobal
